
Microsoft Visual Studio Solution File, Format Version 12.00
# Visual Studio Version 16
VisualStudioVersion = 16.0.30611.23
MinimumVisualStudioVersion = 10.0.40219.1
Project("{9A19103F-16F7-4668-BE54-9A1E7A4F7556}") = "SignalRTest", "SignalRTest\SignalRTest.csproj", "{683334A7-EBD7-4378-9F36-B1DDA24EFDC2}"
EndProject
Project("{9A19103F-16F7-4668-BE54-9A1E7A4F7556}") = "SignalRTestClient", "SignalRTestClient\SignalRTestClient.csproj", "{EB5A7107-DBEA-457D-9F11-ACA1E0A71CA5}"
EndProject
Project("{2150E333-8FDC-42A3-9474-1A3956D46DE8}") = "Solution Items", "Solution Items", "{38EAB02E-94AA-45A7-AC1F-244D117BCCF1}"
	ProjectSection(SolutionItems) = preProject
		.editorconfig = .editorconfig
		NOTES.txt = NOTES.txt
	EndProjectSection
EndProject
Project("{9A19103F-16F7-4668-BE54-9A1E7A4F7556}") = "ConsoleApiTest", "ConsoleApiTest\ConsoleApiTest.csproj", "{884B49A5-2452-4126-BBA5-6A0943254144}"
EndProject
Project("{9A19103F-16F7-4668-BE54-9A1E7A4F7556}") = "SignalRTest.Shared", "SignalRTest.Shared\SignalRTest.Shared.csproj", "{280B42FD-83C9-4FB7-832B-93698B2CF94D}"
EndProject
Project("{9A19103F-16F7-4668-BE54-9A1E7A4F7556}") = "ConsoleClientChatTest", "ConsoleClientChatTest\ConsoleClientChatTest.csproj", "{CE0D222C-9F5A-433C-B73D-B3F96012CDEA}"
EndProject
Project("{9A19103F-16F7-4668-BE54-9A1E7A4F7556}") = "ConsoleAppSensor", "ConsoleAppSensor\ConsoleAppSensor.csproj", "{A05939FE-FE96-4C11-B62A-90C6574CF6ED}"
EndProject
Project("{FAE04EC0-301F-11D3-BF4B-00C04F79EFBC}") = "FormsAppTest", "FormsAppTest\FormsAppTest.csproj", "{1F9CD556-B441-4501-A0E4-7572893127F4}"
EndProject
Global
	GlobalSection(SolutionConfigurationPlatforms) = preSolution
		Debug|Any CPU = Debug|Any CPU
		Release|Any CPU = Release|Any CPU
	EndGlobalSection
	GlobalSection(ProjectConfigurationPlatforms) = postSolution
		{683334A7-EBD7-4378-9F36-B1DDA24EFDC2}.Debug|Any CPU.ActiveCfg = Debug|Any CPU
		{683334A7-EBD7-4378-9F36-B1DDA24EFDC2}.Debug|Any CPU.Build.0 = Debug|Any CPU
		{683334A7-EBD7-4378-9F36-B1DDA24EFDC2}.Release|Any CPU.ActiveCfg = Release|Any CPU
		{683334A7-EBD7-4378-9F36-B1DDA24EFDC2}.Release|Any CPU.Build.0 = Release|Any CPU
		{EB5A7107-DBEA-457D-9F11-ACA1E0A71CA5}.Debug|Any CPU.ActiveCfg = Debug|Any CPU
		{EB5A7107-DBEA-457D-9F11-ACA1E0A71CA5}.Debug|Any CPU.Build.0 = Debug|Any CPU
		{EB5A7107-DBEA-457D-9F11-ACA1E0A71CA5}.Release|Any CPU.ActiveCfg = Release|Any CPU
		{EB5A7107-DBEA-457D-9F11-ACA1E0A71CA5}.Release|Any CPU.Build.0 = Release|Any CPU
		{884B49A5-2452-4126-BBA5-6A0943254144}.Debug|Any CPU.ActiveCfg = Debug|Any CPU
		{884B49A5-2452-4126-BBA5-6A0943254144}.Debug|Any CPU.Build.0 = Debug|Any CPU
		{884B49A5-2452-4126-BBA5-6A0943254144}.Release|Any CPU.ActiveCfg = Release|Any CPU
		{884B49A5-2452-4126-BBA5-6A0943254144}.Release|Any CPU.Build.0 = Release|Any CPU
		{280B42FD-83C9-4FB7-832B-93698B2CF94D}.Debug|Any CPU.ActiveCfg = Debug|Any CPU
		{280B42FD-83C9-4FB7-832B-93698B2CF94D}.Debug|Any CPU.Build.0 = Debug|Any CPU
		{280B42FD-83C9-4FB7-832B-93698B2CF94D}.Release|Any CPU.ActiveCfg = Release|Any CPU
		{280B42FD-83C9-4FB7-832B-93698B2CF94D}.Release|Any CPU.Build.0 = Release|Any CPU
		{CE0D222C-9F5A-433C-B73D-B3F96012CDEA}.Debug|Any CPU.ActiveCfg = Debug|Any CPU
		{CE0D222C-9F5A-433C-B73D-B3F96012CDEA}.Debug|Any CPU.Build.0 = Debug|Any CPU
		{CE0D222C-9F5A-433C-B73D-B3F96012CDEA}.Release|Any CPU.ActiveCfg = Release|Any CPU
		{CE0D222C-9F5A-433C-B73D-B3F96012CDEA}.Release|Any CPU.Build.0 = Release|Any CPU
		{A05939FE-FE96-4C11-B62A-90C6574CF6ED}.Debug|Any CPU.ActiveCfg = Debug|Any CPU
		{A05939FE-FE96-4C11-B62A-90C6574CF6ED}.Debug|Any CPU.Build.0 = Debug|Any CPU
		{A05939FE-FE96-4C11-B62A-90C6574CF6ED}.Release|Any CPU.ActiveCfg = Release|Any CPU
		{A05939FE-FE96-4C11-B62A-90C6574CF6ED}.Release|Any CPU.Build.0 = Release|Any CPU
		{1F9CD556-B441-4501-A0E4-7572893127F4}.Debug|Any CPU.ActiveCfg = Debug|Any CPU
		{1F9CD556-B441-4501-A0E4-7572893127F4}.Debug|Any CPU.Build.0 = Debug|Any CPU
		{1F9CD556-B441-4501-A0E4-7572893127F4}.Release|Any CPU.ActiveCfg = Release|Any CPU
		{1F9CD556-B441-4501-A0E4-7572893127F4}.Release|Any CPU.Build.0 = Release|Any CPU
	EndGlobalSection
	GlobalSection(SolutionProperties) = preSolution
		HideSolutionNode = FALSE
	EndGlobalSection
	GlobalSection(ExtensibilityGlobals) = postSolution
		SolutionGuid = {8E803DD5-414E-4D5F-A5A4-F111929AAA2B}
	EndGlobalSection
EndGlobal
